Microsoft Visual Studio Solution File, Format Version 12.00
# Visual Studio Version 17
VisualStudioVersion = 17.5.2.0
MinimumVisualStudioVersion = 10.0.40219.1
Project("{FAE04EC0-301F-11D3-BF4B-00C04F79EFBC}") = "Abstruction", "Abstruction.csproj", "{B811D2BE-88A5-015F-C02E-55C2ABC90698}"
EndProject
Global
	GlobalSection(SolutionConfigurationPlatforms) = preSolution
		Debug|Any CPU = Debug|Any CPU
		Release|Any CPU = Release|Any CPU
	EndGlobalSection
	GlobalSection(ProjectConfigurationPlatforms) = postSolution
		{B811D2BE-88A5-015F-C02E-55C2ABC90698}.Debug|Any CPU.ActiveCfg = Debug|Any CPU
		{B811D2BE-88A5-015F-C02E-55C2ABC90698}.Debug|Any CPU.Build.0 = Debug|Any CPU
		{B811D2BE-88A5-015F-C02E-55C2ABC90698}.Release|Any CPU.ActiveCfg = Release|Any CPU
		{B811D2BE-88A5-015F-C02E-55C2ABC90698}.Release|Any CPU.Build.0 = Release|Any CPU
	EndGlobalSection
	GlobalSection(SolutionProperties) = preSolution
		HideSolutionNode = FALSE
	EndGlobalSection
	GlobalSection(ExtensibilityGlobals) = postSolution
		SolutionGuid = {1F81503D-DCAC-4D5D-A2FD-81BBB4FE0410}
	EndGlobalSection
EndGlobal
